
Microsoft Visual Studio Solution File, Format Version 12.00
# Visual Studio Version 17
VisualStudioVersion = 17.10.35122.118
MinimumVisualStudioVersion = 10.0.40219.1
Project("{FAE04EC0-301F-11D3-BF4B-00C04F79EFBC}") = "mtg-card-crafter", "mtg-card-crafter\mtg-card-crafter\mtg-card-crafter.csproj", "{94B247E6-228E-4A6E-9F6B-EF83E80D9A68}"
EndProject
Project("{FAE04EC0-301F-11D3-BF4B-00C04F79EFBC}") = "mtg-card-crafter.Client", "mtg-card-crafter\mtg-card-crafter.Client\mtg-card-crafter.Client.csproj", "{6A6250EC-8B8C-44F7-BA3B-94171B64DF56}"
EndProject
Global
	GlobalSection(SolutionConfigurationPlatforms) = preSolution
		Debug|Any CPU = Debug|Any CPU
		Release|Any CPU = Release|Any CPU
	EndGlobalSection
	GlobalSection(ProjectConfigurationPlatforms) = postSolution
		{94B247E6-228E-4A6E-9F6B-EF83E80D9A68}.Debug|Any CPU.ActiveCfg = Debug|Any CPU
		{94B247E6-228E-4A6E-9F6B-EF83E80D9A68}.Debug|Any CPU.Build.0 = Debug|Any CPU
		{94B247E6-228E-4A6E-9F6B-EF83E80D9A68}.Release|Any CPU.ActiveCfg = Release|Any CPU
		{94B247E6-228E-4A6E-9F6B-EF83E80D9A68}.Release|Any CPU.Build.0 = Release|Any CPU
		{6A6250EC-8B8C-44F7-BA3B-94171B64DF56}.Debug|Any CPU.ActiveCfg = Debug|Any CPU
		{6A6250EC-8B8C-44F7-BA3B-94171B64DF56}.Debug|Any CPU.Build.0 = Debug|Any CPU
		{6A6250EC-8B8C-44F7-BA3B-94171B64DF56}.Release|Any CPU.ActiveCfg = Release|Any CPU
		{6A6250EC-8B8C-44F7-BA3B-94171B64DF56}.Release|Any CPU.Build.0 = Release|Any CPU
	EndGlobalSection
	GlobalSection(SolutionProperties) = preSolution
		HideSolutionNode = FALSE
	EndGlobalSection
	GlobalSection(ExtensibilityGlobals) = postSolution
		SolutionGuid = {A3C06290-EB4D-4B57-A7E6-815CA8166470}
	EndGlobalSection
EndGlobal
